
Microsoft Visual Studio Solution File, Format Version 12.00
# Visual Studio Version 17
VisualStudioVersion = 17.10.35004.147
MinimumVisualStudioVersion = 10.0.40219.1
Project("{FAE04EC0-301F-11D3-BF4B-00C04F79EFBC}") = "CarteiraDeClientes", "CarteiraDeClientes\CarteiraDeClientes.csproj", "{1FA1552A-73AC-4E27-9917-C366B2A318BB}"
EndProject
Global
	GlobalSection(SolutionConfigurationPlatforms) = preSolution
		Debug|Any CPU = Debug|Any CPU
		Release|Any CPU = Release|Any CPU
	EndGlobalSection
	GlobalSection(ProjectConfigurationPlatforms) = postSolution
		{1FA1552A-73AC-4E27-9917-C366B2A318BB}.Debug|Any CPU.ActiveCfg = Debug|Any CPU
		{1FA1552A-73AC-4E27-9917-C366B2A318BB}.Debug|Any CPU.Build.0 = Debug|Any CPU
		{1FA1552A-73AC-4E27-9917-C366B2A318BB}.Release|Any CPU.ActiveCfg = Release|Any CPU
		{1FA1552A-73AC-4E27-9917-C366B2A318BB}.Release|Any CPU.Build.0 = Release|Any CPU
	EndGlobalSection
	GlobalSection(SolutionProperties) = preSolution
		HideSolutionNode = FALSE
	EndGlobalSection
	GlobalSection(ExtensibilityGlobals) = postSolution
		SolutionGuid = {B7E37781-15D7-48E8-A5C0-61D1CA9E9274}
	EndGlobalSection
EndGlobal
